
Microsoft Visual Studio Solution File, Format Version 12.00
# Visual Studio Version 17
VisualStudioVersion = 17.1.32210.238
MinimumVisualStudioVersion = 10.0.40219.1
Project("{FAE04EC0-301F-11D3-BF4B-00C04F79EFBC}") = "Demo", "Demo\Demo.csproj", "{937B3858-AB4D-4570-853B-B6CBB863D5F6}"
EndProject
Global
	GlobalSection(SolutionConfigurationPlatforms) = preSolution
		Debug|Any CPU = Debug|Any CPU
		Release|Any CPU = Release|Any CPU
	EndGlobalSection
	GlobalSection(ProjectConfigurationPlatforms) = postSolution
		{937B3858-AB4D-4570-853B-B6CBB863D5F6}.Debug|Any CPU.ActiveCfg = Debug|Any CPU
		{937B3858-AB4D-4570-853B-B6CBB863D5F6}.Debug|Any CPU.Build.0 = Debug|Any CPU
		{937B3858-AB4D-4570-853B-B6CBB863D5F6}.Release|Any CPU.ActiveCfg = Release|Any CPU
		{937B3858-AB4D-4570-853B-B6CBB863D5F6}.Release|Any CPU.Build.0 = Release|Any CPU
	EndGlobalSection
	GlobalSection(SolutionProperties) = preSolution
		HideSolutionNode = FALSE
	EndGlobalSection
	GlobalSection(ExtensibilityGlobals) = postSolution
		SolutionGuid = {0099A4FD-2734-4AC1-BB96-AC7EF251F41D}
	EndGlobalSection
EndGlobal
